
Microsoft Visual Studio Solution File, Format Version 12.00
Project("{FAE04EC0-301F-11D3-BF4B-00C04F79EFBC}") = "2024", "2024.csproj", "{43C8E9F4-548E-47E8-ADF5-1624461E959E}"
EndProject
Project("{FAE04EC0-301F-11D3-BF4B-00C04F79EFBC}") = "Common.CS", "..\Common.CS\Common.CS.csproj", "{3B407AD7-0D84-4A8C-877D-742B2A3BAAE8}"
EndProject
Global
	GlobalSection(SolutionConfigurationPlatforms) = preSolution
		Debug|Any CPU = Debug|Any CPU
		Release|Any CPU = Release|Any CPU
	EndGlobalSection
	GlobalSection(ProjectConfigurationPlatforms) = postSolution
		{43C8E9F4-548E-47E8-ADF5-1624461E959E}.Debug|Any CPU.ActiveCfg = Debug|Any CPU
		{43C8E9F4-548E-47E8-ADF5-1624461E959E}.Debug|Any CPU.Build.0 = Debug|Any CPU
		{43C8E9F4-548E-47E8-ADF5-1624461E959E}.Release|Any CPU.ActiveCfg = Release|Any CPU
		{43C8E9F4-548E-47E8-ADF5-1624461E959E}.Release|Any CPU.Build.0 = Release|Any CPU
		{3B407AD7-0D84-4A8C-877D-742B2A3BAAE8}.Debug|Any CPU.ActiveCfg = Debug|Any CPU
		{3B407AD7-0D84-4A8C-877D-742B2A3BAAE8}.Debug|Any CPU.Build.0 = Debug|Any CPU
		{3B407AD7-0D84-4A8C-877D-742B2A3BAAE8}.Release|Any CPU.ActiveCfg = Release|Any CPU
		{3B407AD7-0D84-4A8C-877D-742B2A3BAAE8}.Release|Any CPU.Build.0 = Release|Any CPU
	EndGlobalSection
EndGlobal
